
Microsoft Visual Studio Solution File, Format Version 12.00
# Visual Studio 15
VisualStudioVersion = 15.0.35319.79
MinimumVisualStudioVersion = 10.0.40219.1
Project("{FAE04EC0-301F-11D3-BF4B-00C04F79EFBC}") = "Lezione_20241113", "Lezione_20241113\Lezione_20241113.csproj", "{C4801BEE-DADC-4379-8C66-8961D4D6F31D}"
EndProject
Global
	GlobalSection(SolutionConfigurationPlatforms) = preSolution
		Debug|Any CPU = Debug|Any CPU
		Release|Any CPU = Release|Any CPU
	EndGlobalSection
	GlobalSection(ProjectConfigurationPlatforms) = postSolution
		{C4801BEE-DADC-4379-8C66-8961D4D6F31D}.Debug|Any CPU.ActiveCfg = Debug|Any CPU
		{C4801BEE-DADC-4379-8C66-8961D4D6F31D}.Debug|Any CPU.Build.0 = Debug|Any CPU
		{C4801BEE-DADC-4379-8C66-8961D4D6F31D}.Release|Any CPU.ActiveCfg = Release|Any CPU
		{C4801BEE-DADC-4379-8C66-8961D4D6F31D}.Release|Any CPU.Build.0 = Release|Any CPU
	EndGlobalSection
	GlobalSection(SolutionProperties) = preSolution
		HideSolutionNode = FALSE
	EndGlobalSection
	GlobalSection(ExtensibilityGlobals) = postSolution
		SolutionGuid = {D0315EB6-C30E-4CC4-906A-06D2C5660CB3}
	EndGlobalSection
EndGlobal
