
Microsoft Visual Studio Solution File, Format Version 12.00
# Visual Studio 15
VisualStudioVersion = 15.0.28307.1622
MinimumVisualStudioVersion = 10.0.40219.1
Project("{FAE04EC0-301F-11D3-BF4B-00C04F79EFBC}") = "Lezione_20241023", "Lezione_20241023\Lezione_20241023.csproj", "{DA878BFD-9A67-47EA-9EBD-0270CA318D25}"
EndProject
Global
	GlobalSection(SolutionConfigurationPlatforms) = preSolution
		Debug|Any CPU = Debug|Any CPU
		Release|Any CPU = Release|Any CPU
	EndGlobalSection
	GlobalSection(ProjectConfigurationPlatforms) = postSolution
		{DA878BFD-9A67-47EA-9EBD-0270CA318D25}.Debug|Any CPU.ActiveCfg = Debug|Any CPU
		{DA878BFD-9A67-47EA-9EBD-0270CA318D25}.Debug|Any CPU.Build.0 = Debug|Any CPU
		{DA878BFD-9A67-47EA-9EBD-0270CA318D25}.Release|Any CPU.ActiveCfg = Release|Any CPU
		{DA878BFD-9A67-47EA-9EBD-0270CA318D25}.Release|Any CPU.Build.0 = Release|Any CPU
	EndGlobalSection
	GlobalSection(SolutionProperties) = preSolution
		HideSolutionNode = FALSE
	EndGlobalSection
	GlobalSection(ExtensibilityGlobals) = postSolution
		SolutionGuid = {E123D451-CB87-48BD-BD36-453DB0E19FD7}
	EndGlobalSection
EndGlobal
