
Microsoft Visual Studio Solution File, Format Version 12.00
# Visual Studio 15
VisualStudioVersion = 15.0.28307.1622
MinimumVisualStudioVersion = 10.0.40219.1
Project("{FAE04EC0-301F-11D3-BF4B-00C04F79EFBC}") = "Lezione_20241021", "Lezione_20241021\Lezione_20241021.csproj", "{290BE4CC-B824-45CA-B2C4-8AE26192358B}"
EndProject
Global
	GlobalSection(SolutionConfigurationPlatforms) = preSolution
		Debug|Any CPU = Debug|Any CPU
		Release|Any CPU = Release|Any CPU
	EndGlobalSection
	GlobalSection(ProjectConfigurationPlatforms) = postSolution
		{290BE4CC-B824-45CA-B2C4-8AE26192358B}.Debug|Any CPU.ActiveCfg = Debug|Any CPU
		{290BE4CC-B824-45CA-B2C4-8AE26192358B}.Debug|Any CPU.Build.0 = Debug|Any CPU
		{290BE4CC-B824-45CA-B2C4-8AE26192358B}.Release|Any CPU.ActiveCfg = Release|Any CPU
		{290BE4CC-B824-45CA-B2C4-8AE26192358B}.Release|Any CPU.Build.0 = Release|Any CPU
	EndGlobalSection
	GlobalSection(SolutionProperties) = preSolution
		HideSolutionNode = FALSE
	EndGlobalSection
	GlobalSection(ExtensibilityGlobals) = postSolution
		SolutionGuid = {BFAB4C0B-F447-41E6-AA81-5AFD1EAA7D4C}
	EndGlobalSection
EndGlobal
